
Microsoft Visual Studio Solution File, Format Version 12.00
# Visual Studio Version 17
VisualStudioVersion = 17.7.34009.444
MinimumVisualStudioVersion = 10.0.40219.1
Project("{FAE04EC0-301F-11D3-BF4B-00C04F79EFBC}") = "Lista5_Parte1_Ex2", "Lista5_Parte1_Ex2.csproj", "{5AB581D4-18D5-4C45-948F-8340DA3C9138}"
EndProject
Global
	GlobalSection(SolutionConfigurationPlatforms) = preSolution
		Debug|Any CPU = Debug|Any CPU
		Release|Any CPU = Release|Any CPU
	EndGlobalSection
	GlobalSection(ProjectConfigurationPlatforms) = postSolution
		{5AB581D4-18D5-4C45-948F-8340DA3C9138}.Debug|Any CPU.ActiveCfg = Debug|Any CPU
		{5AB581D4-18D5-4C45-948F-8340DA3C9138}.Debug|Any CPU.Build.0 = Debug|Any CPU
		{5AB581D4-18D5-4C45-948F-8340DA3C9138}.Release|Any CPU.ActiveCfg = Release|Any CPU
		{5AB581D4-18D5-4C45-948F-8340DA3C9138}.Release|Any CPU.Build.0 = Release|Any CPU
	EndGlobalSection
	GlobalSection(SolutionProperties) = preSolution
		HideSolutionNode = FALSE
	EndGlobalSection
	GlobalSection(ExtensibilityGlobals) = postSolution
		SolutionGuid = {6D2EF2B2-CD01-4296-A88C-258F20D49A3B}
	EndGlobalSection
EndGlobal
