
Microsoft Visual Studio Solution File, Format Version 12.00
# Visual Studio Version 17
VisualStudioVersion = 17.7.34009.444
MinimumVisualStudioVersion = 10.0.40219.1
Project("{FAE04EC0-301F-11D3-BF4B-00C04F79EFBC}") = "Lista5_Parte1_Ex3", "Lista5_Parte1_Ex3.csproj", "{BF3346B6-8046-453B-9B14-8459FFA08892}"
EndProject
Global
	GlobalSection(SolutionConfigurationPlatforms) = preSolution
		Debug|Any CPU = Debug|Any CPU
		Release|Any CPU = Release|Any CPU
	EndGlobalSection
	GlobalSection(ProjectConfigurationPlatforms) = postSolution
		{BF3346B6-8046-453B-9B14-8459FFA08892}.Debug|Any CPU.ActiveCfg = Debug|Any CPU
		{BF3346B6-8046-453B-9B14-8459FFA08892}.Debug|Any CPU.Build.0 = Debug|Any CPU
		{BF3346B6-8046-453B-9B14-8459FFA08892}.Release|Any CPU.ActiveCfg = Release|Any CPU
		{BF3346B6-8046-453B-9B14-8459FFA08892}.Release|Any CPU.Build.0 = Release|Any CPU
	EndGlobalSection
	GlobalSection(SolutionProperties) = preSolution
		HideSolutionNode = FALSE
	EndGlobalSection
	GlobalSection(ExtensibilityGlobals) = postSolution
		SolutionGuid = {DB94418D-9B4C-4D71-86B3-DF30181CB3D2}
	EndGlobalSection
EndGlobal
